{
  "name": "node-winautomation",
  "version": "1.0.0",
  "lockfileVersion": 3,
  "requires": true,
  "packages": {
    "": {
      "name": "node-winautomation",
      "version": "1.0.0",
      "hasInstallScript": true,
      "license": "MIT",
      "os": [
        "win32"
      ],
      "dependencies": {
        "bindings": "^1.5.0",
        "node-addon-api": "^4.1.0",
        "node-rdpjs": "^0.3.0"
      },
      "devDependencies": {},
      "engines": {
        "node": ">=14.0.0"
      }
    },
    "node_modules/bindings": {
      "version": "1.5.0",
      "resolved": "https://registry.npmjs.org/bindings/-/bindings-1.5.0.tgz",
      "integrity": "sha512-p2q/t/mhvuOj/UeLlV6566GD/guowlr0hHxClI0W9m7MWYkL1F0hLo+0Aexs9HSPCtR1SXQ0TD3MMKrXZajbiQ==",
      "license": "MIT",
      "dependencies": {
        "file-uri-to-path": "1.0.0"
      }
    },
    "node_modules/file-uri-to-path": {
      "version": "1.0.0",
      "resolved": "https://registry.npmjs.org/file-uri-to-path/-/file-uri-to-path-1.0.0.tgz",
      "integrity": "sha512-0Zt+s3L7Vf1biwWZ29aARiVYLx7iMGnEUl9x33fbB/j3jR81u/O2LbqK+Bm1CDSNDKVtJ/YjwY7TUd5SkeLQLw==",
      "license": "MIT"
    },
    "node_modules/lodash": {
      "version": "3.3.0",
      "resolved": "https://registry.npmjs.org/lodash/-/lodash-3.3.0.tgz",
      "integrity": "sha512-gpux6tVfBHsUdUIciz5HoV0ChAxUTvi0ChpQMIjAsKtg6FTYFtd1B1G0JlqHvAio3teaMVGPDPk2seVq1INwOQ==",
      "license": "MIT"
    },
    "node_modules/node-addon-api": {
      "version": "4.3.0",
      "resolved": "https://registry.npmjs.org/node-addon-api/-/node-addon-api-4.3.0.tgz",
      "integrity": "sha512-73sE9+3UaLYYFmDsFZnqCInzPyh3MqIwZO9cw58yIqAZhONrrabrYyYe3TuIqtIiOuTXVhsGau8hcrhhwSsDIQ==",
      "license": "MIT"
    },
    "node_modules/node-rdpjs": {
      "version": "0.3.0",
      "resolved": "https://registry.npmjs.org/node-rdpjs/-/node-rdpjs-0.3.0.tgz",
      "integrity": "sha512-k0p31bhAkv4YB4Vt0WWona36z3FCLVat37dkxQhnAFG5Xmd46h5E+gqDPAacHT5k8RFLB+Aoy0tlTYY9PWkI4w==",
      "engines": [
        "node = 0.10.x"
      ],
      "license": "AGPL v3.0",
      "dependencies": {
        "lodash": "3.3.0",
        "starttls": "^1.0.0"
      }
    },
    "node_modules/starttls": {
      "version": "1.0.1",
      "resolved": "https://registry.npmjs.org/starttls/-/starttls-1.0.1.tgz",
      "integrity": "sha512-mfOPDJsq1GSvCyl6qQK5Slj486+6c2E/DJ3vo0TXs4kB+6xFBBuua2ngiudFyjpRYr9BIibsW9wn/5gl4EPaoA=="
    }
  }
}
